// !$*UTF8*$!
{
	archiveVersion = 1;
	classes = {
	};
	objectVersion = 46;
	objects = {

/* Begin PBXBuildFile section */
		0E2A36EF1BB33E60007BC784 /* main.m in Sources */ = {isa = PBXBuildFile; fileRef = 0E2A36EE1BB33E60007BC784 /* main.m */; };
		0E2A36F21BB33E60007BC784 /* AppDelegate.m in Sources */ = {isa = PBXBuildFile; fileRef = 0E2A36F11BB33E60007BC784 /* AppDelegate.m */; };
		0E2A36F51BB33E60007BC784 /* MasterViewController.m in Sources */ = {isa = PBXBuildFile; fileRef = 0E2A36F41BB33E60007BC784 /* MasterViewController.m */; };
		0E2A36F81BB33E60007BC784 /* DetailViewController.m in Sources */ = {isa = PBXBuildFile; fileRef = 0E2A36F71BB33E60007BC784 /* DetailViewController.m */; };
		0E2A36FB1BB33E60007BC784 /* Main.storyboard in Resources */ = {isa = PBXBuildFile; fileRef = 0E2A36F91BB33E60007BC784 /* Main.storyboard */; };
		0E2A36FD1BB33E60007BC784 /* Assets.xcassets in Resources */ = {isa = PBXBuildFile; fileRef = 0E2A36FC1BB33E60007BC784 /* Assets.xcassets */; };
		0E2A37001BB33E60007BC784 /* LaunchScreen.storyboard in Resources */ = {isa = PBXBuildFile; fileRef = 0E2A36FE1BB33E60007BC784 /* LaunchScreen.storyboard */; };
/* End PBXBuildFile section */

/* Begin PBXFileReference section */
		0E2A36EA1BB33E60007BC784 /* SampleProject.app */ = {isa = PBXFileReference; explicitFileType = wrapper.application; includeInIndex = 0; path = SampleProject.app; sourceTree = BUILT_PRODUCTS_DIR; };
		0E2A36EE1BB33E60007BC784 /* main.m */ = {isa = PBXFileReference; lastKnownFileType = sourcecode.c.objc; path = main.m; sourceTree = "<group>"; };
		0E2A36F01BB33E60007BC784 /* AppDelegate.h */ = {isa = PBXFileReference; lastKnownFileType = sourcecode.c.h; path = AppDelegate.h; sourceTree = "<group>"; };
		0E2A36F11BB33E60007BC784 /* AppDelegate.m */ = {isa = PBXFileReference; lastKnownFileType = sourcecode.c.objc; path = AppDelegate.m; sourceTree = "<group>"; };
		0E2A36F31BB33E60007BC784 /* MasterViewController.h */ = {isa = PBXFileReference; lastKnownFileType = sourcecode.c.h; path = MasterViewController.h; sourceTree = "<group>"; };
		0E2A36F41BB33E60007BC784 /* MasterViewController.m */ = {isa = PBXFileReference; lastKnownFileType = sourcecode.c.objc; path = MasterViewController.m; sourceTree = "<group>"; };
		0E2A36F61BB33E60007BC784 /* DetailViewController.h */ = {isa = PBXFileReference; lastKnownFileType = sourcecode.c.h; path = DetailViewController.h; sourceTree = "<group>"; };
		0E2A36F71BB33E60007BC784 /* DetailViewController.m */ = {isa = PBXFileReference; lastKnownFileType = sourcecode.c.objc; path = DetailViewController.m; sourceTree = "<group>"; };
		0E2A36FA1BB33E60007BC784 /* Base */ = {isa = PBXFileReference; lastKnownFileType = file.storyboard; name = Base; path = Base.lproj/Main.storyboard; sourceTree = "<group>"; };
		0E2A36FC1BB33E60007BC784 /* Assets.xcassets */ = {isa = PBXFileReference; lastKnownFileType = folder.assetcatalog; path = Assets.xcassets; sourceTree = "<group>"; };
		0E2A36FF1BB33E60007BC784 /* Base */ = {isa = PBXFileReference; lastKnownFileType = file.storyboard; name = Base; path = Base.lproj/LaunchScreen.storyboard; sourceTree = "<group>"; };
		0E2A37011BB33E61007BC784 /* Info.plist */ = {isa = PBXFileReference; lastKnownFileType = text.plist.xml; path = Info.plist; sourceTree = "<group>"; };
/* End PBXFileReference section */

/* Begin PBXFrameworksBuildPhase section */
		0E2A36E71BB33E60007BC784 /* Frameworks */ = {
			isa = PBXFrameworksBuildPhase;
			buildActionMask = 2147483647;
			files = (
			);
			runOnlyForDeploymentPostprocessing = 0;
		};
/* End PBXFrameworksBuildPhase section */

/* Begin PBXGroup section */
		0E2A36E11BB33E60007BC784 = {
			isa = PBXGroup;
			children = (
				0E2A36EC1BB33E60007BC784 /* SampleProject */,
				0E2A36EB1BB33E60007BC784 /* Products */,
			);
			sourceTree = "<group>";
		};
		0E2A36EB1BB33E60007BC784 /* Products */ = {
			isa = PBXGroup;
			children = (
				0E2A36EA1BB33E60007BC784 /* SampleProject.app */,
			);
			name = Products;
			sourceTree = "<group>";
		};
		0E2A36EC1BB33E60007BC784 /* SampleProject */ = {
			isa = PBXGroup;
			children = (
				0E2A36F01BB33E60007BC784 /* AppDelegate.h */,
				0E2A36F11BB33E60007BC784 /* AppDelegate.m */,
				0E2A36F31BB33E60007BC784 /* MasterViewController.h */,
				0E2A36F41BB33E60007BC784 /* MasterViewController.m */,
				0E2A36F61BB33E60007BC784 /* DetailViewController.h */,
				0E2A36F71BB33E60007BC784 /* DetailViewController.m */,
				0E2A36F91BB33E60007BC784 /* Main.storyboard */,
				0E2A36FC1BB33E60007BC784 /* Assets.xcassets */,
				0E2A36FE1BB33E60007BC784 /* LaunchScreen.storyboard */,
				0E2A37011BB33E61007BC784 /* Info.plist */,
				0E2A36ED1BB33E60007BC784 /* Supporting Files */,
			);
			path = SampleProject;
			sourceTree = "<group>";
		};
		0E2A36ED1BB33E60007BC784 /* Supporting Files */ = {
			isa = PBXGroup;
			children = (
				0E2A36EE1BB33E60007BC784 /* main.m */,
			);
			name = "Supporting Files";
			sourceTree = "<group>";
		};
/* End PBXGroup section */

/* Begin PBXNativeTarget section */
		0E2A36E91BB33E60007BC784 /* SampleProject */ = {
			isa = PBXNativeTarget;
			buildConfigurationList = 0E2A37041BB33E61007BC784 /* Build configuration list for PBXNativeTarget "SampleProject" */;
			buildPhases = (
				0E2A36E61BB33E60007BC784 /* Sources */,
				0E2A36E71BB33E60007BC784 /* Frameworks */,
				0E2A36E81BB33E60007BC784 /* Resources */,
			);
			buildRules = (
			);
			dependencies = (
			);
			name = SampleProject;
			productName = SampleProject;
			productReference = 0E2A36EA1BB33E60007BC784 /* SampleProject.app */;
			productType = "com.apple.product-type.application";
		};
/* End PBXNativeTarget section */

/* Begin PBXProject section */
		0E2A36E21BB33E60007BC784 /* Project object */ = {
			isa = PBXProject;
			attributes = {
				LastUpgradeCheck = 0700;
				ORGANIZATIONNAME = Clackmac;
				TargetAttributes = {
					0E2A36E91BB33E60007BC784 = {
						CreatedOnToolsVersion = 7.0;
					};
				};
			};
			buildConfigurationList = 0E2A36E51BB33E60007BC784 /* Build configuration list for PBXProject "SampleProject" */;
			compatibilityVersion = "Xcode 3.2";
			developmentRegion = English;
			hasScannedForEncodings = 0;
			knownRegions = (
				en,
				Base,
			);
			mainGroup = 0E2A36E11BB33E60007BC784;
			productRefGroup = 0E2A36EB1BB33E60007BC784 /* Products */;
			projectDirPath = "";
			projectRoot = "";
			targets = (
				0E2A36E91BB33E60007BC784 /* SampleProject */,
			);
		};
/* End PBXProject section */

/* Begin PBXResourcesBuildPhase section */
		0E2A36E81BB33E60007BC784 /* Resources */ = {
			isa = PBXResourcesBuildPhase;
			buildActionMask = 2147483647;
			files = (
				0E2A37001BB33E60007BC784 /* LaunchScreen.storyboard in Resources */,
				0E2A36FD1BB33E60007BC784 /* Assets.xcassets in Resources */,
				0E2A36FB1BB33E60007BC784 /* Main.storyboard in Resources */,
			);
			runOnlyForDeploymentPostprocessing = 0;
		};
/* End PBXResourcesBuildPhase section */

/* Begin PBXSourcesBuildPhase section */
		0E2A36E61BB33E60007BC784 /* Sources */ = {
			isa = PBXSourcesBuildPhase;
			buildActionMask = 2147483647;
			files = (
				0E2A36F21BB33E60007BC784 /* AppDelegate.m in Sources */,
				0E2A36F51BB33E60007BC784 /* MasterViewController.m in Sources */,
				0E2A36EF1BB33E60007BC784 /* main.m in Sources */,
				0E2A36F81BB33E60007BC784 /* DetailViewController.m in Sources */,
			);
			runOnlyForDeploymentPostprocessing = 0;
		};
/* End PBXSourcesBuildPhase section */

/* Begin PBXVariantGroup section */
		0E2A36F91BB33E60007BC784 /* Main.storyboard */ = {
			isa = PBXVariantGroup;
			children = (
				0E2A36FA1BB33E60007BC784 /* Base */,
			);
			name = Main.storyboard;
			sourceTree = "<group>";
		};
		0E2A36FE1BB33E60007BC784 /* LaunchScreen.storyboard */ = {
			isa = PBXVariantGroup;
			children = (
				0E2A36FF1BB33E60007BC784 /* Base */,
			);
			name = LaunchScreen.storyboard;
			sourceTree = "<group>";
		};
/* End PBXVariantGroup section */

/* Begin XCBuildConfiguration section */
		0E2A37021BB33E61007BC784 /* Debug */ = {
			isa = XCBuildConfiguration;
			buildSettings = {
				ALWAYS_SEARCH_USER_PATHS = NO;
				CLANG_CXX_LANGUAGE_STANDARD = "gnu++0x";
				CLANG_CXX_LIBRARY = "libc++";
				CLANG_ENABLE_MODULES = YES;
				CLANG_ENABLE_OBJC_ARC = YES;
				CLANG_WARN_BOOL_CONVERSION = YES;
				CLANG_WARN_CONSTANT_CONVERSION = YES;
				CLANG_WARN_DIRECT_OBJC_ISA_USAGE = YES_ERROR;
				CLANG_WARN_EMPTY_BODY = YES;
				CLANG_WARN_ENUM_CONVERSION = YES;
				CLANG_WARN_INT_CONVERSION = YES;
				CLANG_WARN_OBJC_ROOT_CLASS = YES_ERROR;
				CLANG_WARN_UNREACHABLE_CODE = YES;
				CLANG_WARN__DUPLICATE_METHOD_MATCH = YES;
				"CODE_SIGN_IDENTITY[sdk=iphoneos*]" = "iPhone Developer";
				COPY_PHASE_STRIP = NO;
				DEBUG_INFORMATION_FORMAT = dwarf;
				ENABLE_STRICT_OBJC_MSGSEND = YES;
				ENABLE_TESTABILITY = YES;
				GCC_C_LANGUAGE_STANDARD = gnu99;
				GCC_DYNAMIC_NO_PIC = NO;
				GCC_NO_COMMON_BLOCKS = YES;
				GCC_OPTIMIZATION_LEVEL = 0;
				GCC_PREPROCESSOR_DEFINITIONS = (
					"DEBUG=1",
					"$(inherited)",
				);
				GCC_WARN_64_TO_32_BIT_CONVERSION = YES;
				GCC_WARN_ABOUT_RETURN_TYPE = YES_ERROR;
				GCC_WARN_UNDECLARED_SELECTOR = YES;
				GCC_WARN_UNINITIALIZED_AUTOS = YES_AGGRESSIVE;
				GCC_WARN_UNUSED_FUNCTION = YES;
				GCC_WARN_UNUSED_VARIABLE = YES;
				IPHONEOS_DEPLOYMENT_TARGET = 9.0;
				MTL_ENABLE_DEBUG_INFO = YES;
				ONLY_ACTIVE_ARCH = YES;
				SDKROOT = iphoneos;
			};
			name = Debug;
		};
		0E2A37031BB33E61007BC784 /* Release */ = {
			isa = XCBuildConfiguration;
			buildSettings = {
				ALWAYS_SEARCH_USER_PATHS = NO;
				CLANG_CXX_LANGUAGE_STANDARD = "gnu++0x";
				CLANG_CXX_LIBRARY = "libc++";
				CLANG_ENABLE_MODULES = YES;
				CLANG_ENABLE_OBJC_ARC = YES;
				CLANG_WARN_BOOL_CONVERSION = YES;
				CLANG_WARN_CONSTANT_CONVERSION = YES;
				CLANG_WARN_DIRECT_OBJC_ISA_USAGE = YES_ERROR;
				CLANG_WARN_EMPTY_BODY = YES;
				CLANG_WARN_ENUM_CONVERSION = YES;
				CLANG_WARN_INT_CONVERSION = YES;
				CLANG_WARN_OBJC_ROOT_CLASS = YES_ERROR;
				CLANG_WARN_UNREACHABLE_CODE = YES;
				CLANG_WARN__DUPLICATE_METHOD_MATCH = YES;
				"CODE_SIGN_IDENTITY[sdk=iphoneos*]" = "iPhone Developer";
				COPY_PHASE_STRIP = NO;
				DEBUG_INFORMATION_FORMAT = "dwarf-with-dsym";
				ENABLE_NS_ASSERTIONS = NO;
				ENABLE_STRICT_OBJC_MSGSEND = YES;
				GCC_C_LANGUAGE_STANDARD = gnu99;
				GCC_NO_COMMON_BLOCKS = YES;
				GCC_WARN_64_TO_32_BIT_CONVERSION = YES;
				GCC_WARN_ABOUT_RETURN_TYPE = YES_ERROR;
				GCC_WARN_UNDECLARED_SELECTOR = YES;
				GCC_WARN_UNINITIALIZED_AUTOS = YES_AGGRESSIVE;
				GCC_WARN_UNUSED_FUNCTION = YES;
				GCC_WARN_UNUSED_VARIABLE = YES;
				IPHONEOS_DEPLOYMENT_TARGET = 9.0;
				MTL_ENABLE_DEBUG_INFO = NO;
				SDKROOT = iphoneos;
				VALIDATE_PRODUCT = YES;
			};
			name = Release;
		};
		0E2A37051BB33E61007BC784 /* Debug */ = {
			isa = XCBuildConfiguration;
			buildSettings = {
				ASSETCATALOG_COMPILER_APPICON_NAME = AppIcon;
				INFOPLIST_FILE = SampleProject/Info.plist;
				LD_RUNPATH_SEARCH_PATHS = "$(inherited) @executable_path/Frameworks";
				PRODUCT_BUNDLE_IDENTIFIER = com.clackmac.SampleProject;
				PRODUCT_NAME = "$(TARGET_NAME)";
			};
			name = Debug;
		};
		0E2A37061BB33E61007BC784 /* Release */ = {
			isa = XCBuildConfiguration;
			buildSettings = {
				ASSETCATALOG_COMPILER_APPICON_NAME = AppIcon;
				INFOPLIST_FILE = SampleProject/Info.plist;
				LD_RUNPATH_SEARCH_PATHS = "$(inherited) @executable_path/Frameworks";
				PRODUCT_BUNDLE_IDENTIFIER = com.clackmac.SampleProject;
				PRODUCT_NAME = "$(TARGET_NAME)";
			};
			name = Release;
		};
/* End XCBuildConfiguration section */

/* Begin XCConfigurationList section */
		0E2A36E51BB33E60007BC784 /* Build configuration list for PBXProject "SampleProject" */ = {
			isa = XCConfigurationList;
			buildConfigurations = (
				0E2A37021BB33E61007BC784 /* Debug */,
				0E2A37031BB33E61007BC784 /* Release */,
			);
			defaultConfigurationIsVisible = 0;
			defaultConfigurationName = Release;
		};
		0E2A37041BB33E61007BC784 /* Build configuration list for PBXNativeTarget "SampleProject" */ = {
			isa = XCConfigurationList;
			buildConfigurations = (
				0E2A37051BB33E61007BC784 /* Debug */,
				0E2A37061BB33E61007BC784 /* Release */,
			);
			defaultConfigurationIsVisible = 0;
		};
/* End XCConfigurationList section */
	};
	rootObject = 0E2A36E21BB33E60007BC784 /* Project object */;
}
